
Microsoft Visual Studio Solution File, Format Version 12.00
# Visual Studio Version 16
VisualStudioVersion = 16.0.31402.337
MinimumVisualStudioVersion = 10.0.40219.1
Project("{FAE04EC0-301F-11D3-BF4B-00C04F79EFBC}") = "DiDemo", "DiDemo\DiDemo.csproj", "{BF5C756C-3CB7-4CF6-8EFC-EABC3BFD0C5A}"
EndProject
Global
	GlobalSection(SolutionConfigurationPlatforms) = preSolution
		Debug|Any CPU = Debug|Any CPU
		Release|Any CPU = Release|Any CPU
	EndGlobalSection
	GlobalSection(ProjectConfigurationPlatforms) = postSolution
		{BF5C756C-3CB7-4CF6-8EFC-EABC3BFD0C5A}.Debug|Any CPU.ActiveCfg = Debug|Any CPU
		{BF5C756C-3CB7-4CF6-8EFC-EABC3BFD0C5A}.Debug|Any CPU.Build.0 = Debug|Any CPU
		{BF5C756C-3CB7-4CF6-8EFC-EABC3BFD0C5A}.Release|Any CPU.ActiveCfg = Release|Any CPU
		{BF5C756C-3CB7-4CF6-8EFC-EABC3BFD0C5A}.Release|Any CPU.Build.0 = Release|Any CPU
	EndGlobalSection
	GlobalSection(SolutionProperties) = preSolution
		HideSolutionNode = FALSE
	EndGlobalSection
	GlobalSection(ExtensibilityGlobals) = postSolution
		SolutionGuid = {50C3E59A-4AF7-4960-959F-2D6BB8C95D84}
	EndGlobalSection
EndGlobal
